// !$*UTF8*$!
{
	archiveVersion = 1;
	classes = {
	};
	objectVersion = 50;
	objects = {

/* Begin PBXBuildFile section */
		41BF8D0926BAB4AA004387F4 /* FructusApp.swift in Sources */ = {isa = PBXBuildFile; fileRef = 41BF8D0826BAB4AA004387F4 /* FructusApp.swift */; };
		41BF8D0B26BAB4AA004387F4 /* ContentView.swift in Sources */ = {isa = PBXBuildFile; fileRef = 41BF8D0A26BAB4AA004387F4 /* ContentView.swift */; };
		41BF8D0D26BAB4AD004387F4 /* Assets.xcassets in Resources */ = {isa = PBXBuildFile; fileRef = 41BF8D0C26BAB4AD004387F4 /* Assets.xcassets */; };
		41BF8D1026BAB4AD004387F4 /* Preview Assets.xcassets in Resources */ = {isa = PBXBuildFile; fileRef = 41BF8D0F26BAB4AD004387F4 /* Preview Assets.xcassets */; };
		41BF8D1A26BABB21004387F4 /* FruitCardView.swift in Sources */ = {isa = PBXBuildFile; fileRef = 41BF8D1926BABB21004387F4 /* FruitCardView.swift */; };
		41BF8D1C26BABF81004387F4 /* StartButtonView.swift in Sources */ = {isa = PBXBuildFile; fileRef = 41BF8D1B26BABF81004387F4 /* StartButtonView.swift */; };
		41BF8D1E26BAC2F0004387F4 /* OnboardingView.swift in Sources */ = {isa = PBXBuildFile; fileRef = 41BF8D1D26BAC2F0004387F4 /* OnboardingView.swift */; };
		41BF8D2126BAC59E004387F4 /* FruitModel.swift in Sources */ = {isa = PBXBuildFile; fileRef = 41BF8D2026BAC59E004387F4 /* FruitModel.swift */; };
		41BF8D2426BAC6CA004387F4 /* FruitData.swift in Sources */ = {isa = PBXBuildFile; fileRef = 41BF8D2326BAC6CA004387F4 /* FruitData.swift */; };
		41BF8D2626BAE093004387F4 /* FruitRowView.swift in Sources */ = {isa = PBXBuildFile; fileRef = 41BF8D2526BAE093004387F4 /* FruitRowView.swift */; };
/* End PBXBuildFile section */

/* Begin PBXFileReference section */
		41BF8D0526BAB4AA004387F4 /* Fructus.app */ = {isa = PBXFileReference; explicitFileType = wrapper.application; includeInIndex = 0; path = Fructus.app; sourceTree = BUILT_PRODUCTS_DIR; };
		41BF8D0826BAB4AA004387F4 /* FructusApp.swift */ = {isa = PBXFileReference; lastKnownFileType = sourcecode.swift; path = FructusApp.swift; sourceTree = "<group>"; };
		41BF8D0A26BAB4AA004387F4 /* ContentView.swift */ = {isa = PBXFileReference; lastKnownFileType = sourcecode.swift; path = ContentView.swift; sourceTree = "<group>"; };
		41BF8D0C26BAB4AD004387F4 /* Assets.xcassets */ = {isa = PBXFileReference; lastKnownFileType = folder.assetcatalog; path = Assets.xcassets; sourceTree = "<group>"; };
		41BF8D0F26BAB4AD004387F4 /* Preview Assets.xcassets */ = {isa = PBXFileReference; lastKnownFileType = folder.assetcatalog; path = "Preview Assets.xcassets"; sourceTree = "<group>"; };
		41BF8D1126BAB4AD004387F4 /* Info.plist */ = {isa = PBXFileReference; lastKnownFileType = text.plist.xml; path = Info.plist; sourceTree = "<group>"; };
		41BF8D1926BABB21004387F4 /* FruitCardView.swift */ = {isa = PBXFileReference; lastKnownFileType = sourcecode.swift; path = FruitCardView.swift; sourceTree = "<group>"; };
		41BF8D1B26BABF81004387F4 /* StartButtonView.swift */ = {isa = PBXFileReference; lastKnownFileType = sourcecode.swift; path = StartButtonView.swift; sourceTree = "<group>"; };
		41BF8D1D26BAC2F0004387F4 /* OnboardingView.swift */ = {isa = PBXFileReference; lastKnownFileType = sourcecode.swift; path = OnboardingView.swift; sourceTree = "<group>"; };
		41BF8D2026BAC59E004387F4 /* FruitModel.swift */ = {isa = PBXFileReference; lastKnownFileType = sourcecode.swift; path = FruitModel.swift; sourceTree = "<group>"; };
		41BF8D2326BAC6CA004387F4 /* FruitData.swift */ = {isa = PBXFileReference; lastKnownFileType = sourcecode.swift; path = FruitData.swift; sourceTree = "<group>"; };
		41BF8D2526BAE093004387F4 /* FruitRowView.swift */ = {isa = PBXFileReference; lastKnownFileType = sourcecode.swift; path = FruitRowView.swift; sourceTree = "<group>"; };
/* End PBXFileReference section */

/* Begin PBXFrameworksBuildPhase section */
		41BF8D0226BAB4AA004387F4 /* Frameworks */ = {
			isa = PBXFrameworksBuildPhase;
			buildActionMask = 2147483647;
			files = (
			);
			runOnlyForDeploymentPostprocessing = 0;
		};
/* End PBXFrameworksBuildPhase section */

/* Begin PBXGroup section */
		41BF8CFC26BAB4AA004387F4 = {
			isa = PBXGroup;
			children = (
				41BF8D0726BAB4AA004387F4 /* Fructus */,
				41BF8D0626BAB4AA004387F4 /* Products */,
			);
			sourceTree = "<group>";
		};
		41BF8D0626BAB4AA004387F4 /* Products */ = {
			isa = PBXGroup;
			children = (
				41BF8D0526BAB4AA004387F4 /* Fructus.app */,
			);
			name = Products;
			sourceTree = "<group>";
		};
		41BF8D0726BAB4AA004387F4 /* Fructus */ = {
			isa = PBXGroup;
			children = (
				41BF8D2226BAC6B8004387F4 /* Data */,
				41BF8D1F26BAC583004387F4 /* Model */,
				41BF8D1826BABAF4004387F4 /* View */,
				41BF8D1726BABA79004387F4 /* App */,
				41BF8D0C26BAB4AD004387F4 /* Assets.xcassets */,
				41BF8D1126BAB4AD004387F4 /* Info.plist */,
				41BF8D0E26BAB4AD004387F4 /* Preview Content */,
			);
			path = Fructus;
			sourceTree = "<group>";
		};
		41BF8D0E26BAB4AD004387F4 /* Preview Content */ = {
			isa = PBXGroup;
			children = (
				41BF8D0F26BAB4AD004387F4 /* Preview Assets.xcassets */,
			);
			path = "Preview Content";
			sourceTree = "<group>";
		};
		41BF8D1726BABA79004387F4 /* App */ = {
			isa = PBXGroup;
			children = (
				41BF8D0826BAB4AA004387F4 /* FructusApp.swift */,
				41BF8D0A26BAB4AA004387F4 /* ContentView.swift */,
				41BF8D1D26BAC2F0004387F4 /* OnboardingView.swift */,
			);
			path = App;
			sourceTree = "<group>";
		};
		41BF8D1826BABAF4004387F4 /* View */ = {
			isa = PBXGroup;
			children = (
				41BF8D1926BABB21004387F4 /* FruitCardView.swift */,
				41BF8D1B26BABF81004387F4 /* StartButtonView.swift */,
				41BF8D2526BAE093004387F4 /* FruitRowView.swift */,
			);
			path = View;
			sourceTree = "<group>";
		};
		41BF8D1F26BAC583004387F4 /* Model */ = {
			isa = PBXGroup;
			children = (
				41BF8D2026BAC59E004387F4 /* FruitModel.swift */,
			);
			path = Model;
			sourceTree = "<group>";
		};
		41BF8D2226BAC6B8004387F4 /* Data */ = {
			isa = PBXGroup;
			children = (
				41BF8D2326BAC6CA004387F4 /* FruitData.swift */,
			);
			path = Data;
			sourceTree = "<group>";
		};
/* End PBXGroup section */

/* Begin PBXNativeTarget section */
		41BF8D0426BAB4AA004387F4 /* Fructus */ = {
			isa = PBXNativeTarget;
			buildConfigurationList = 41BF8D1426BAB4AD004387F4 /* Build configuration list for PBXNativeTarget "Fructus" */;
			buildPhases = (
				41BF8D0126BAB4AA004387F4 /* Sources */,
				41BF8D0226BAB4AA004387F4 /* Frameworks */,
				41BF8D0326BAB4AA004387F4 /* Resources */,
			);
			buildRules = (
			);
			dependencies = (
			);
			name = Fructus;
			productName = Fructus;
			productReference = 41BF8D0526BAB4AA004387F4 /* Fructus.app */;
			productType = "com.apple.product-type.application";
		};
/* End PBXNativeTarget section */

/* Begin PBXProject section */
		41BF8CFD26BAB4AA004387F4 /* Project object */ = {
			isa = PBXProject;
			attributes = {
				LastSwiftUpdateCheck = 1250;
				LastUpgradeCheck = 1250;
				TargetAttributes = {
					41BF8D0426BAB4AA004387F4 = {
						CreatedOnToolsVersion = 12.5;
					};
				};
			};
			buildConfigurationList = 41BF8D0026BAB4AA004387F4 /* Build configuration list for PBXProject "Fructus" */;
			compatibilityVersion = "Xcode 9.3";
			developmentRegion = en;
			hasScannedForEncodings = 0;
			knownRegions = (
				en,
				Base,
			);
			mainGroup = 41BF8CFC26BAB4AA004387F4;
			productRefGroup = 41BF8D0626BAB4AA004387F4 /* Products */;
			projectDirPath = "";
			projectRoot = "";
			targets = (
				41BF8D0426BAB4AA004387F4 /* Fructus */,
			);
		};
/* End PBXProject section */

/* Begin PBXResourcesBuildPhase section */
		41BF8D0326BAB4AA004387F4 /* Resources */ = {
			isa = PBXResourcesBuildPhase;
			buildActionMask = 2147483647;
			files = (
				41BF8D1026BAB4AD004387F4 /* Preview Assets.xcassets in Resources */,
				41BF8D0D26BAB4AD004387F4 /* Assets.xcassets in Resources */,
			);
			runOnlyForDeploymentPostprocessing = 0;
		};
/* End PBXResourcesBuildPhase section */

/* Begin PBXSourcesBuildPhase section */
		41BF8D0126BAB4AA004387F4 /* Sources */ = {
			isa = PBXSourcesBuildPhase;
			buildActionMask = 2147483647;
			files = (
				41BF8D2426BAC6CA004387F4 /* FruitData.swift in Sources */,
				41BF8D1A26BABB21004387F4 /* FruitCardView.swift in Sources */,
				41BF8D2626BAE093004387F4 /* FruitRowView.swift in Sources */,
				41BF8D1C26BABF81004387F4 /* StartButtonView.swift in Sources */,
				41BF8D0B26BAB4AA004387F4 /* ContentView.swift in Sources */,
				41BF8D1E26BAC2F0004387F4 /* OnboardingView.swift in Sources */,
				41BF8D2126BAC59E004387F4 /* FruitModel.swift in Sources */,
				41BF8D0926BAB4AA004387F4 /* FructusApp.swift in Sources */,
			);
			runOnlyForDeploymentPostprocessing = 0;
		};
/* End PBXSourcesBuildPhase section */

/* Begin XCBuildConfiguration section */
		41BF8D1226BAB4AD004387F4 /* Debug */ = {
			isa = XCBuildConfiguration;
			buildSettings = {
				ALWAYS_SEARCH_USER_PATHS = NO;
				CLANG_ANALYZER_NONNULL = YES;
				CLANG_ANALYZER_NUMBER_OBJECT_CONVERSION = YES_AGGRESSIVE;
				CLANG_CXX_LANGUAGE_STANDARD = "gnu++14";
				CLANG_CXX_LIBRARY = "libc++";
				CLANG_ENABLE_MODULES = YES;
				CLANG_ENABLE_OBJC_ARC = YES;
				CLANG_ENABLE_OBJC_WEAK = YES;
				CLANG_WARN_BLOCK_CAPTURE_AUTORELEASING = YES;
				CLANG_WARN_BOOL_CONVERSION = YES;
				CLANG_WARN_COMMA = YES;
				CLANG_WARN_CONSTANT_CONVERSION = YES;
				CLANG_WARN_DEPRECATED_OBJC_IMPLEMENTATIONS = YES;
				CLANG_WARN_DIRECT_OBJC_ISA_USAGE = YES_ERROR;
				CLANG_WARN_DOCUMENTATION_COMMENTS = YES;
				CLANG_WARN_EMPTY_BODY = YES;
				CLANG_WARN_ENUM_CONVERSION = YES;
				CLANG_WARN_INFINITE_RECURSION = YES;
				CLANG_WARN_INT_CONVERSION = YES;
				CLANG_WARN_NON_LITERAL_NULL_CONVERSION = YES;
				CLANG_WARN_OBJC_IMPLICIT_RETAIN_SELF = YES;
				CLANG_WARN_OBJC_LITERAL_CONVERSION = YES;
				CLANG_WARN_OBJC_ROOT_CLASS = YES_ERROR;
				CLANG_WARN_QUOTED_INCLUDE_IN_FRAMEWORK_HEADER = YES;
				CLANG_WARN_RANGE_LOOP_ANALYSIS = YES;
				CLANG_WARN_STRICT_PROTOTYPES = YES;
				CLANG_WARN_SUSPICIOUS_MOVE = YES;
				CLANG_WARN_UNGUARDED_AVAILABILITY = YES_AGGRESSIVE;
				CLANG_WARN_UNREACHABLE_CODE = YES;
				CLANG_WARN__DUPLICATE_METHOD_MATCH = YES;
				COPY_PHASE_STRIP = NO;
				DEBUG_INFORMATION_FORMAT = dwarf;
				ENABLE_STRICT_OBJC_MSGSEND = YES;
				ENABLE_TESTABILITY = YES;
				GCC_C_LANGUAGE_STANDARD = gnu11;
				GCC_DYNAMIC_NO_PIC = NO;
				GCC_NO_COMMON_BLOCKS = YES;
				GCC_OPTIMIZATION_LEVEL = 0;
				GCC_PREPROCESSOR_DEFINITIONS = (
					"DEBUG=1",
					"$(inherited)",
				);
				GCC_WARN_64_TO_32_BIT_CONVERSION = YES;
				GCC_WARN_ABOUT_RETURN_TYPE = YES_ERROR;
				GCC_WARN_UNDECLARED_SELECTOR = YES;
				GCC_WARN_UNINITIALIZED_AUTOS = YES_AGGRESSIVE;
				GCC_WARN_UNUSED_FUNCTION = YES;
				GCC_WARN_UNUSED_VARIABLE = YES;
				IPHONEOS_DEPLOYMENT_TARGET = 14.5;
				MTL_ENABLE_DEBUG_INFO = INCLUDE_SOURCE;
				MTL_FAST_MATH = YES;
				ONLY_ACTIVE_ARCH = YES;
				SDKROOT = iphoneos;
				SWIFT_ACTIVE_COMPILATION_CONDITIONS = DEBUG;
				SWIFT_OPTIMIZATION_LEVEL = "-Onone";
			};
			name = Debug;
		};
		41BF8D1326BAB4AD004387F4 /* Release */ = {
			isa = XCBuildConfiguration;
			buildSettings = {
				ALWAYS_SEARCH_USER_PATHS = NO;
				CLANG_ANALYZER_NONNULL = YES;
				CLANG_ANALYZER_NUMBER_OBJECT_CONVERSION = YES_AGGRESSIVE;
				CLANG_CXX_LANGUAGE_STANDARD = "gnu++14";
				CLANG_CXX_LIBRARY = "libc++";
				CLANG_ENABLE_MODULES = YES;
				CLANG_ENABLE_OBJC_ARC = YES;
				CLANG_ENABLE_OBJC_WEAK = YES;
				CLANG_WARN_BLOCK_CAPTURE_AUTORELEASING = YES;
				CLANG_WARN_BOOL_CONVERSION = YES;
				CLANG_WARN_COMMA = YES;
				CLANG_WARN_CONSTANT_CONVERSION = YES;
				CLANG_WARN_DEPRECATED_OBJC_IMPLEMENTATIONS = YES;
				CLANG_WARN_DIRECT_OBJC_ISA_USAGE = YES_ERROR;
				CLANG_WARN_DOCUMENTATION_COMMENTS = YES;
				CLANG_WARN_EMPTY_BODY = YES;
				CLANG_WARN_ENUM_CONVERSION = YES;
				CLANG_WARN_INFINITE_RECURSION = YES;
				CLANG_WARN_INT_CONVERSION = YES;
				CLANG_WARN_NON_LITERAL_NULL_CONVERSION = YES;
				CLANG_WARN_OBJC_IMPLICIT_RETAIN_SELF = YES;
				CLANG_WARN_OBJC_LITERAL_CONVERSION = YES;
				CLANG_WARN_OBJC_ROOT_CLASS = YES_ERROR;
				CLANG_WARN_QUOTED_INCLUDE_IN_FRAMEWORK_HEADER = YES;
				CLANG_WARN_RANGE_LOOP_ANALYSIS = YES;
				CLANG_WARN_STRICT_PROTOTYPES = YES;
				CLANG_WARN_SUSPICIOUS_MOVE = YES;
				CLANG_WARN_UNGUARDED_AVAILABILITY = YES_AGGRESSIVE;
				CLANG_WARN_UNREACHABLE_CODE = YES;
				CLANG_WARN__DUPLICATE_METHOD_MATCH = YES;
				COPY_PHASE_STRIP = NO;
				DEBUG_INFORMATION_FORMAT = "dwarf-with-dsym";
				ENABLE_NS_ASSERTIONS = NO;
				ENABLE_STRICT_OBJC_MSGSEND = YES;
				GCC_C_LANGUAGE_STANDARD = gnu11;
				GCC_NO_COMMON_BLOCKS = YES;
				GCC_WARN_64_TO_32_BIT_CONVERSION = YES;
				GCC_WARN_ABOUT_RETURN_TYPE = YES_ERROR;
				GCC_WARN_UNDECLARED_SELECTOR = YES;
				GCC_WARN_UNINITIALIZED_AUTOS = YES_AGGRESSIVE;
				GCC_WARN_UNUSED_FUNCTION = YES;
				GCC_WARN_UNUSED_VARIABLE = YES;
				IPHONEOS_DEPLOYMENT_TARGET = 14.5;
				MTL_ENABLE_DEBUG_INFO = NO;
				MTL_FAST_MATH = YES;
				SDKROOT = iphoneos;
				SWIFT_COMPILATION_MODE = wholemodule;
				SWIFT_OPTIMIZATION_LEVEL = "-O";
				VALIDATE_PRODUCT = YES;
			};
			name = Release;
		};
		41BF8D1526BAB4AD004387F4 /* Debug */ = {
			isa = XCBuildConfiguration;
			buildSettings = {
				ASSETCATALOG_COMPILER_APPICON_NAME = AppIcon;
				ASSETCATALOG_COMPILER_GLOBAL_ACCENT_COLOR_NAME = AccentColor;
				CODE_SIGN_STYLE = Automatic;
				DEVELOPMENT_ASSET_PATHS = "\"Fructus/Preview Content\"";
				ENABLE_PREVIEWS = YES;
				INFOPLIST_FILE = Fructus/Info.plist;
				IPHONEOS_DEPLOYMENT_TARGET = 14.0;
				LD_RUNPATH_SEARCH_PATHS = (
					"$(inherited)",
					"@executable_path/Frameworks",
				);
				PRODUCT_BUNDLE_IDENTIFIER = com.genius.Fructus;
				PRODUCT_NAME = "$(TARGET_NAME)";
				SWIFT_VERSION = 5.0;
				TARGETED_DEVICE_FAMILY = "1,2";
			};
			name = Debug;
		};
		41BF8D1626BAB4AD004387F4 /* Release */ = {
			isa = XCBuildConfiguration;
			buildSettings = {
				ASSETCATALOG_COMPILER_APPICON_NAME = AppIcon;
				ASSETCATALOG_COMPILER_GLOBAL_ACCENT_COLOR_NAME = AccentColor;
				CODE_SIGN_STYLE = Automatic;
				DEVELOPMENT_ASSET_PATHS = "\"Fructus/Preview Content\"";
				ENABLE_PREVIEWS = YES;
				INFOPLIST_FILE = Fructus/Info.plist;
				IPHONEOS_DEPLOYMENT_TARGET = 14.0;
				LD_RUNPATH_SEARCH_PATHS = (
					"$(inherited)",
					"@executable_path/Frameworks",
				);
				PRODUCT_BUNDLE_IDENTIFIER = com.genius.Fructus;
				PRODUCT_NAME = "$(TARGET_NAME)";
				SWIFT_VERSION = 5.0;
				TARGETED_DEVICE_FAMILY = "1,2";
			};
			name = Release;
		};
/* End XCBuildConfiguration section */

/* Begin XCConfigurationList section */
		41BF8D0026BAB4AA004387F4 /* Build configuration list for PBXProject "Fructus" */ = {
			isa = XCConfigurationList;
			buildConfigurations = (
				41BF8D1226BAB4AD004387F4 /* Debug */,
				41BF8D1326BAB4AD004387F4 /* Release */,
			);
			defaultConfigurationIsVisible = 0;
			defaultConfigurationName = Release;
		};
		41BF8D1426BAB4AD004387F4 /* Build configuration list for PBXNativeTarget "Fructus" */ = {
			isa = XCConfigurationList;
			buildConfigurations = (
				41BF8D1526BAB4AD004387F4 /* Debug */,
				41BF8D1626BAB4AD004387F4 /* Release */,
			);
			defaultConfigurationIsVisible = 0;
			defaultConfigurationName = Release;
		};
/* End XCConfigurationList section */
	};
	rootObject = 41BF8CFD26BAB4AA004387F4 /* Project object */;
}
